
Microsoft Visual Studio Solution File, Format Version 12.00
# Visual Studio 15
Project("{FAE04EC0-301F-11D3-BF4B-00C04F79EFBC}") = "RestServices", "OpenWebTest\RestServices.csproj", "{554928E2-BD0C-4339-8D42-2DFABFECE424}"
EndProject
Project("{FAE04EC0-301F-11D3-BF4B-00C04F79EFBC}") = "OpenWebServices", "ReadServices\OpenWebServices.csproj", "{69CF9D09-2784-4F3B-BE2B-16CCB27B6FC2}"
EndProject
Project("{FAE04EC0-301F-11D3-BF4B-00C04F79EFBC}") = "OpenWebApiContract", "OpenWebApiContract\OpenWebApiContract.csproj", "{C625EAAA-B78B-462D-A686-770F7562ABB1}"
EndProject
Project("{FAE04EC0-301F-11D3-BF4B-00C04F79EFBC}") = "OpenWebData", "OpenWebData\OpenWebData.csproj", "{81D69B94-2AF5-4488-9DEA-713C450B38E0}"
EndProject
Project("{FAE04EC0-301F-11D3-BF4B-00C04F79EFBC}") = "OpenWebUnitsTests", "OpenWebUnitsTests\OpenWebUnitsTests.csproj", "{512630C5-2D60-4703-BC22-C37240D361DF}"
EndProject
Global
	GlobalSection(SolutionConfigurationPlatforms) = preSolution
		Debug|Any CPU = Debug|Any CPU
		Release|Any CPU = Release|Any CPU
	EndGlobalSection
	GlobalSection(ProjectConfigurationPlatforms) = postSolution
		{554928E2-BD0C-4339-8D42-2DFABFECE424}.Debug|Any CPU.ActiveCfg = Debug|Any CPU
		{554928E2-BD0C-4339-8D42-2DFABFECE424}.Debug|Any CPU.Build.0 = Debug|Any CPU
		{554928E2-BD0C-4339-8D42-2DFABFECE424}.Release|Any CPU.ActiveCfg = Release|Any CPU
		{554928E2-BD0C-4339-8D42-2DFABFECE424}.Release|Any CPU.Build.0 = Release|Any CPU
		{69CF9D09-2784-4F3B-BE2B-16CCB27B6FC2}.Debug|Any CPU.ActiveCfg = Debug|Any CPU
		{69CF9D09-2784-4F3B-BE2B-16CCB27B6FC2}.Debug|Any CPU.Build.0 = Debug|Any CPU
		{69CF9D09-2784-4F3B-BE2B-16CCB27B6FC2}.Release|Any CPU.ActiveCfg = Release|Any CPU
		{69CF9D09-2784-4F3B-BE2B-16CCB27B6FC2}.Release|Any CPU.Build.0 = Release|Any CPU
		{C625EAAA-B78B-462D-A686-770F7562ABB1}.Debug|Any CPU.ActiveCfg = Debug|Any CPU
		{C625EAAA-B78B-462D-A686-770F7562ABB1}.Debug|Any CPU.Build.0 = Debug|Any CPU
		{C625EAAA-B78B-462D-A686-770F7562ABB1}.Release|Any CPU.ActiveCfg = Release|Any CPU
		{C625EAAA-B78B-462D-A686-770F7562ABB1}.Release|Any CPU.Build.0 = Release|Any CPU
		{81D69B94-2AF5-4488-9DEA-713C450B38E0}.Debug|Any CPU.ActiveCfg = Debug|Any CPU
		{81D69B94-2AF5-4488-9DEA-713C450B38E0}.Debug|Any CPU.Build.0 = Debug|Any CPU
		{81D69B94-2AF5-4488-9DEA-713C450B38E0}.Release|Any CPU.ActiveCfg = Release|Any CPU
		{81D69B94-2AF5-4488-9DEA-713C450B38E0}.Release|Any CPU.Build.0 = Release|Any CPU
		{512630C5-2D60-4703-BC22-C37240D361DF}.Debug|Any CPU.ActiveCfg = Debug|Any CPU
		{512630C5-2D60-4703-BC22-C37240D361DF}.Debug|Any CPU.Build.0 = Debug|Any CPU
		{512630C5-2D60-4703-BC22-C37240D361DF}.Release|Any CPU.ActiveCfg = Release|Any CPU
		{512630C5-2D60-4703-BC22-C37240D361DF}.Release|Any CPU.Build.0 = Release|Any CPU
	EndGlobalSection
EndGlobal
